
Microsoft Visual Studio Solution File, Format Version 12.00
# Visual Studio Version 17
VisualStudioVersion = 17.0.31903.59
MinimumVisualStudioVersion = 10.0.40219.1
Project("{9A19103F-16F7-4668-BE54-9A1E7A4F7556}") = "Guestbook.Domain", "Src\Guestbook.Domain\Guestbook.Domain.csproj", "{A942EA3E-4E1A-4222-9792-4B46E2DCBE40}"
EndProject
Project("{9A19103F-16F7-4668-BE54-9A1E7A4F7556}") = "Guestbook.Application", "Src\Guestbook.Application\Guestbook.Application.csproj", "{4E3C527C-835B-4690-B881-E0AB6608F3D6}"
EndProject
Project("{2150E333-8FDC-42A3-9474-1A3956D46DE8}") = "Tests", "Tests", "{8F2D1F4D-A09F-4702-9E3D-87401B979825}"
	ProjectSection(SolutionItems) = preProject
		Tests\.editorconfig = Tests\.editorconfig
	EndProjectSection
EndProject
Project("{9A19103F-16F7-4668-BE54-9A1E7A4F7556}") = "Guestbook.Application.UnitTests", "Tests\Guestbook.Application.UnitTests\Guestbook.Application.UnitTests.csproj", "{1FD4C53A-E5F2-4DA7-B33D-EB345ED50D29}"
EndProject
Project("{2150E333-8FDC-42A3-9474-1A3956D46DE8}") = "Solution Items", "Solution Items", "{3B816A83-E26B-4F5C-B032-677894FF48D8}"
	ProjectSection(SolutionItems) = preProject
		.editorconfig = .editorconfig
		Directory.Build.Props = Directory.Build.Props
	EndProjectSection
EndProject
Project("{FAE04EC0-301F-11D3-BF4B-00C04F79EFBC}") = "Guestbook.Infrastructure", "Guestbook.Infrastructure\Guestbook.Infrastructure.csproj", "{6BBBA9C8-8CAC-4D1E-96B2-C5ABAFE5066B}"
EndProject
Global
	GlobalSection(SolutionConfigurationPlatforms) = preSolution
		Debug|Any CPU = Debug|Any CPU
		Release|Any CPU = Release|Any CPU
	EndGlobalSection
	GlobalSection(ProjectConfigurationPlatforms) = postSolution
		{A942EA3E-4E1A-4222-9792-4B46E2DCBE40}.Debug|Any CPU.ActiveCfg = Debug|Any CPU
		{A942EA3E-4E1A-4222-9792-4B46E2DCBE40}.Debug|Any CPU.Build.0 = Debug|Any CPU
		{A942EA3E-4E1A-4222-9792-4B46E2DCBE40}.Release|Any CPU.ActiveCfg = Release|Any CPU
		{A942EA3E-4E1A-4222-9792-4B46E2DCBE40}.Release|Any CPU.Build.0 = Release|Any CPU
		{4E3C527C-835B-4690-B881-E0AB6608F3D6}.Debug|Any CPU.ActiveCfg = Debug|Any CPU
		{4E3C527C-835B-4690-B881-E0AB6608F3D6}.Debug|Any CPU.Build.0 = Debug|Any CPU
		{4E3C527C-835B-4690-B881-E0AB6608F3D6}.Release|Any CPU.ActiveCfg = Release|Any CPU
		{4E3C527C-835B-4690-B881-E0AB6608F3D6}.Release|Any CPU.Build.0 = Release|Any CPU
		{1FD4C53A-E5F2-4DA7-B33D-EB345ED50D29}.Debug|Any CPU.ActiveCfg = Debug|Any CPU
		{1FD4C53A-E5F2-4DA7-B33D-EB345ED50D29}.Debug|Any CPU.Build.0 = Debug|Any CPU
		{1FD4C53A-E5F2-4DA7-B33D-EB345ED50D29}.Release|Any CPU.ActiveCfg = Release|Any CPU
		{1FD4C53A-E5F2-4DA7-B33D-EB345ED50D29}.Release|Any CPU.Build.0 = Release|Any CPU
		{6BBBA9C8-8CAC-4D1E-96B2-C5ABAFE5066B}.Debug|Any CPU.ActiveCfg = Debug|Any CPU
		{6BBBA9C8-8CAC-4D1E-96B2-C5ABAFE5066B}.Debug|Any CPU.Build.0 = Debug|Any CPU
		{6BBBA9C8-8CAC-4D1E-96B2-C5ABAFE5066B}.Release|Any CPU.ActiveCfg = Release|Any CPU
		{6BBBA9C8-8CAC-4D1E-96B2-C5ABAFE5066B}.Release|Any CPU.Build.0 = Release|Any CPU
	EndGlobalSection
	GlobalSection(SolutionProperties) = preSolution
		HideSolutionNode = FALSE
	EndGlobalSection
	GlobalSection(NestedProjects) = preSolution
		{1FD4C53A-E5F2-4DA7-B33D-EB345ED50D29} = {8F2D1F4D-A09F-4702-9E3D-87401B979825}
	EndGlobalSection
	GlobalSection(ExtensibilityGlobals) = postSolution
		SolutionGuid = {A10201F0-A588-4FEA-A094-53C7B469FE3E}
	EndGlobalSection
EndGlobal
